# THIS IS AN AUTOGENERATED FILE. DO NOT EDIT THIS FILE DIRECTLY.
# yarn lockfile v1


"@vue/reactivity@3.2.6":
  version "3.2.6"
  resolved "https://registry.yarnpkg.com/@vue/reactivity/-/reactivity-3.2.6.tgz#b8993fa6f48545178e588e25a9c9431a1c1b7d50"
  integrity sha512-8vIDD2wpCnYisNNZjmcIj+Rixn0uhZNY3G1vzlgdVdLygeRSuFjkmnZk6WwvGzUWpKfnG0e/NUySM3mVi59hAA==
  dependencies:
    "@vue/shared" "3.2.6"

"@vue/runtime-core@3.2.6":
  version "3.2.6"
  resolved "https://registry.yarnpkg.com/@vue/runtime-core/-/runtime-core-3.2.6.tgz#376baeef7fe02a62377d46d0d0a8ab9510db1d8e"
  integrity sha512-3mqtgpj/YSGFxtvTufSERRApo92B16JNNxz9p+5eG6PPuqTmuRJz214MqhKBEgLEAIQ6R6YCbd83ZDtjQnyw2g==
  dependencies:
    "@vue/reactivity" "3.2.6"
    "@vue/shared" "3.2.6"

"@vue/runtime-dom@^3.2.6":
  version "3.2.6"
  resolved "https://registry.yarnpkg.com/@vue/runtime-dom/-/runtime-dom-3.2.6.tgz#0f74dbca84d56c222fbfbd53415b260386859a3b"
  integrity sha512-fq33urnP0BNCGm2O3KCzkJlKIHI80C94HJ4qDZbjsTtxyOn5IHqwKSqXVN3RQvO6epcQH+sWS+JNwcNDPzoasg==
  dependencies:
    "@vue/runtime-core" "3.2.6"
    "@vue/shared" "3.2.6"
    csstype "^2.6.8"

"@vue/shared@3.2.6":
  version "3.2.6"
  resolved "https://registry.yarnpkg.com/@vue/shared/-/shared-3.2.6.tgz#2c22bae88fe2b7b59fa68a9c9c4cd60bae2c1794"
  integrity sha512-uwX0Qs2e6kdF+WmxwuxJxOnKs/wEkMArtYpHSm7W+VY/23Tl8syMRyjnzEeXrNCAP0/8HZxEGkHJsjPEDNRuHw==

csstype@^2.6.8:
  version "2.6.17"
  resolved "https://registry.yarnpkg.com/csstype/-/csstype-2.6.17.tgz#4cf30eb87e1d1a005d8b6510f95292413f6a1c0e"
  integrity sha512-u1wmTI1jJGzCJzWndZo8mk4wnPTZd1eOIYTYvuEyOQGfmDl3TrabCCfKnOC86FZwW/9djqTl933UF/cS425i9A==
