# THIS IS AN AUTOGENERATED FILE. DO NOT EDIT THIS FILE DIRECTLY.
# yarn lockfile v1


"@vue/reactivity@3.2.4":
  version "3.2.4"
  resolved "https://registry.yarnpkg.com/@vue/reactivity/-/reactivity-3.2.4.tgz#a020ad7e50f674219a07764b105b5922e61597ea"
  integrity sha512-ljWTR0hr8Tn09hM2tlmWxZzCBPlgGLnq/k8K8X6EcJhtV+C8OzFySnbWqMWataojbrQOocThwsC8awKthSl2uQ==
  dependencies:
    "@vue/shared" "3.2.4"

"@vue/runtime-core@3.2.4":
  version "3.2.4"
  resolved "https://registry.yarnpkg.com/@vue/runtime-core/-/runtime-core-3.2.4.tgz#da5dde3dc1e48df99dd31ea9a972f5c02acdc3f5"
  integrity sha512-W6PtEOs8P8jKYPo3JwaMAozZQivxInUleGfNwI2pK1t8ZLZIxn4kAf7p4VF4jJdQB8SZBzpfWdLUc06j7IOmpQ==
  dependencies:
    "@vue/reactivity" "3.2.4"
    "@vue/shared" "3.2.4"

"@vue/runtime-dom@^3.2.4":
  version "3.2.4"
  resolved "https://registry.yarnpkg.com/@vue/runtime-dom/-/runtime-dom-3.2.4.tgz#1025595f2ae99a12fe0e1e6bce8df6761efec24b"
  integrity sha512-HcVtLyn2SGwsf6BFPwkvDPDOhOqkOKcfHDpBp5R1coX+qMsOFrY8lJnGXIY+JnxqFjND00E9+u+lq5cs/W7ooA==
  dependencies:
    "@vue/runtime-core" "3.2.4"
    "@vue/shared" "3.2.4"
    csstype "^2.6.8"

"@vue/shared@3.2.4":
  version "3.2.4"
  resolved "https://registry.yarnpkg.com/@vue/shared/-/shared-3.2.4.tgz#ba2a09527afff27b28d08f921b4a597e9504ca7a"
  integrity sha512-j2j1MRmjalVKr3YBTxl/BClSIc8UQ8NnPpLYclxerK65JIowI4O7n8O8lElveEtEoHxy1d7BelPUDI0Q4bumqg==

csstype@^2.6.8:
  version "2.6.17"
  resolved "https://registry.yarnpkg.com/csstype/-/csstype-2.6.17.tgz#4cf30eb87e1d1a005d8b6510f95292413f6a1c0e"
  integrity sha512-u1wmTI1jJGzCJzWndZo8mk4wnPTZd1eOIYTYvuEyOQGfmDl3TrabCCfKnOC86FZwW/9djqTl933UF/cS425i9A==
